
Microsoft Visual Studio Solution File, Format Version 12.00
# Visual Studio Version 17
VisualStudioVersion = 17.4.33103.184
MinimumVisualStudioVersion = 10.0.40219.1
Project("{FAE04EC0-301F-11D3-BF4B-00C04F79EFBC}") = "RandomProgrammToDoTesting", "RandomProgrammToDoTesting\RandomProgrammToDoTesting.csproj", "{885BAF92-E268-4007-8478-18DE37E73A5C}"
EndProject
Global
	GlobalSection(SolutionConfigurationPlatforms) = preSolution
		Debug|Any CPU = Debug|Any CPU
		Release|Any CPU = Release|Any CPU
	EndGlobalSection
	GlobalSection(ProjectConfigurationPlatforms) = postSolution
		{885BAF92-E268-4007-8478-18DE37E73A5C}.Debug|Any CPU.ActiveCfg = Debug|Any CPU
		{885BAF92-E268-4007-8478-18DE37E73A5C}.Debug|Any CPU.Build.0 = Debug|Any CPU
		{885BAF92-E268-4007-8478-18DE37E73A5C}.Release|Any CPU.ActiveCfg = Release|Any CPU
		{885BAF92-E268-4007-8478-18DE37E73A5C}.Release|Any CPU.Build.0 = Release|Any CPU
	EndGlobalSection
	GlobalSection(SolutionProperties) = preSolution
		HideSolutionNode = FALSE
	EndGlobalSection
	GlobalSection(ExtensibilityGlobals) = postSolution
		SolutionGuid = {F0465BBC-0832-4B24-A3E0-A29E519F18E1}
	EndGlobalSection
EndGlobal
