
Microsoft Visual Studio Solution File, Format Version 12.00
# Visual Studio Version 17
VisualStudioVersion = 17.4.33103.184
MinimumVisualStudioVersion = 10.0.40219.1
Project("{FAE04EC0-301F-11D3-BF4B-00C04F79EFBC}") = "EF_Core_InMemory", "EF_Core_InMemory\EF_Core_InMemory.csproj", "{0DB64B2F-8CF1-49FA-AA94-2218670B67ED}"
EndProject
Global
	GlobalSection(SolutionConfigurationPlatforms) = preSolution
		Debug|Any CPU = Debug|Any CPU
		Release|Any CPU = Release|Any CPU
	EndGlobalSection
	GlobalSection(ProjectConfigurationPlatforms) = postSolution
		{0DB64B2F-8CF1-49FA-AA94-2218670B67ED}.Debug|Any CPU.ActiveCfg = Debug|Any CPU
		{0DB64B2F-8CF1-49FA-AA94-2218670B67ED}.Debug|Any CPU.Build.0 = Debug|Any CPU
		{0DB64B2F-8CF1-49FA-AA94-2218670B67ED}.Release|Any CPU.ActiveCfg = Release|Any CPU
		{0DB64B2F-8CF1-49FA-AA94-2218670B67ED}.Release|Any CPU.Build.0 = Release|Any CPU
	EndGlobalSection
	GlobalSection(SolutionProperties) = preSolution
		HideSolutionNode = FALSE
	EndGlobalSection
	GlobalSection(ExtensibilityGlobals) = postSolution
		SolutionGuid = {A7627542-FA59-471C-9BAF-81968056E7B9}
	EndGlobalSection
EndGlobal
